// !$*UTF8*$!
{
	archiveVersion = 1;
	classes = {
	};
	objectVersion = 56;
	objects = {

/* Begin PBXBuildFile section */
		C7E715372CA86995000A9C24 /* AppDelegate.swift in Sources */ = {isa = PBXBuildFile; fileRef = C7E715362CA86995000A9C24 /* AppDelegate.swift */; };
		C7E715392CA86995000A9C24 /* SceneDelegate.swift in Sources */ = {isa = PBXBuildFile; fileRef = C7E715382CA86995000A9C24 /* SceneDelegate.swift */; };
		C7E7153B2CA86995000A9C24 /* ViewController.swift in Sources */ = {isa = PBXBuildFile; fileRef = C7E7153A2CA86995000A9C24 /* ViewController.swift */; };
		C7E7153E2CA86995000A9C24 /* Main.storyboard in Resources */ = {isa = PBXBuildFile; fileRef = C7E7153C2CA86995000A9C24 /* Main.storyboard */; };
		C7E715402CA86996000A9C24 /* Assets.xcassets in Resources */ = {isa = PBXBuildFile; fileRef = C7E7153F2CA86996000A9C24 /* Assets.xcassets */; };
		C7E715432CA86996000A9C24 /* LaunchScreen.storyboard in Resources */ = {isa = PBXBuildFile; fileRef = C7E715412CA86996000A9C24 /* LaunchScreen.storyboard */; };
		C7E715802CA870A8000A9C24 /* ViewModel.swift in Sources */ = {isa = PBXBuildFile; fileRef = C7E715742CA870A8000A9C24 /* ViewModel.swift */; };
		C7E715812CA870A8000A9C24 /* BaseViewController.swift in Sources */ = {isa = PBXBuildFile; fileRef = C7E715762CA870A8000A9C24 /* BaseViewController.swift */; };
		C7E715822CA870A8000A9C24 /* AppHelper.swift in Sources */ = {isa = PBXBuildFile; fileRef = C7E715772CA870A8000A9C24 /* AppHelper.swift */; };
		C7E715832CA870A8000A9C24 /* Common.swift in Sources */ = {isa = PBXBuildFile; fileRef = C7E715782CA870A8000A9C24 /* Common.swift */; };
		C7E715842CA870A8000A9C24 /* Resource.swift in Sources */ = {isa = PBXBuildFile; fileRef = C7E715792CA870A8000A9C24 /* Resource.swift */; };
		C7E715852CA870A8000A9C24 /* LocalStrings.swift in Sources */ = {isa = PBXBuildFile; fileRef = C7E7157A2CA870A8000A9C24 /* LocalStrings.swift */; };
		C7E715862CA870A8000A9C24 /* UICollectionViewCell.swift in Sources */ = {isa = PBXBuildFile; fileRef = C7E7157B2CA870A8000A9C24 /* UICollectionViewCell.swift */; };
		C7E715872CA870A8000A9C24 /* Model.swift in Sources */ = {isa = PBXBuildFile; fileRef = C7E7157D2CA870A8000A9C24 /* Model.swift */; };
		C7E715882CA870A8000A9C24 /* HttpsUtility.swift in Sources */ = {isa = PBXBuildFile; fileRef = C7E7157F2CA870A8000A9C24 /* HttpsUtility.swift */; };
		C7E715952CA87148000A9C24 /* LazyImageView.swift in Sources */ = {isa = PBXBuildFile; fileRef = C7E7158B2CA87147000A9C24 /* LazyImageView.swift */; };
		C7E715962CA87148000A9C24 /* DetailsViewModel.swift in Sources */ = {isa = PBXBuildFile; fileRef = C7E7158D2CA87147000A9C24 /* DetailsViewModel.swift */; };
		C7E715972CA87148000A9C24 /* DetailsViewController.swift in Sources */ = {isa = PBXBuildFile; fileRef = C7E7158E2CA87147000A9C24 /* DetailsViewController.swift */; };
		C7E715982CA87148000A9C24 /* DetailExtension.swift in Sources */ = {isa = PBXBuildFile; fileRef = C7E715902CA87147000A9C24 /* DetailExtension.swift */; };
		C7E715992CA87148000A9C24 /* CollectionViewExtension.swift in Sources */ = {isa = PBXBuildFile; fileRef = C7E715912CA87147000A9C24 /* CollectionViewExtension.swift */; };
		C7E7159A2CA87148000A9C24 /* ImageCVCell.swift in Sources */ = {isa = PBXBuildFile; fileRef = C7E715932CA87148000A9C24 /* ImageCVCell.swift */; };
		C7E7159B2CA87148000A9C24 /* ImageCVCell.xib in Resources */ = {isa = PBXBuildFile; fileRef = C7E715942CA87148000A9C24 /* ImageCVCell.xib */; };
/* End PBXBuildFile section */

/* Begin PBXFileReference section */
		C7E715332CA86995000A9C24 /* BattlebucksAssignment.app */ = {isa = PBXFileReference; explicitFileType = wrapper.application; includeInIndex = 0; path = BattlebucksAssignment.app; sourceTree = BUILT_PRODUCTS_DIR; };
		C7E715362CA86995000A9C24 /* AppDelegate.swift */ = {isa = PBXFileReference; lastKnownFileType = sourcecode.swift; path = AppDelegate.swift; sourceTree = "<group>"; };
		C7E715382CA86995000A9C24 /* SceneDelegate.swift */ = {isa = PBXFileReference; lastKnownFileType = sourcecode.swift; path = SceneDelegate.swift; sourceTree = "<group>"; };
		C7E7153A2CA86995000A9C24 /* ViewController.swift */ = {isa = PBXFileReference; lastKnownFileType = sourcecode.swift; path = ViewController.swift; sourceTree = "<group>"; };
		C7E7153D2CA86995000A9C24 /* Base */ = {isa = PBXFileReference; lastKnownFileType = file.storyboard; name = Base; path = Base.lproj/Main.storyboard; sourceTree = "<group>"; };
		C7E7153F2CA86996000A9C24 /* Assets.xcassets */ = {isa = PBXFileReference; lastKnownFileType = folder.assetcatalog; path = Assets.xcassets; sourceTree = "<group>"; };
		C7E715422CA86996000A9C24 /* Base */ = {isa = PBXFileReference; lastKnownFileType = file.storyboard; name = Base; path = Base.lproj/LaunchScreen.storyboard; sourceTree = "<group>"; };
		C7E715442CA86996000A9C24 /* Info.plist */ = {isa = PBXFileReference; lastKnownFileType = text.plist.xml; path = Info.plist; sourceTree = "<group>"; };
		C7E715742CA870A8000A9C24 /* ViewModel.swift */ = {isa = PBXFileReference; fileEncoding = 4; lastKnownFileType = sourcecode.swift; path = ViewModel.swift; sourceTree = "<group>"; };
		C7E715762CA870A8000A9C24 /* BaseViewController.swift */ = {isa = PBXFileReference; fileEncoding = 4; lastKnownFileType = sourcecode.swift; path = BaseViewController.swift; sourceTree = "<group>"; };
		C7E715772CA870A8000A9C24 /* AppHelper.swift */ = {isa = PBXFileReference; fileEncoding = 4; lastKnownFileType = sourcecode.swift; path = AppHelper.swift; sourceTree = "<group>"; };
		C7E715782CA870A8000A9C24 /* Common.swift */ = {isa = PBXFileReference; fileEncoding = 4; lastKnownFileType = sourcecode.swift; path = Common.swift; sourceTree = "<group>"; };
		C7E715792CA870A8000A9C24 /* Resource.swift */ = {isa = PBXFileReference; fileEncoding = 4; lastKnownFileType = sourcecode.swift; path = Resource.swift; sourceTree = "<group>"; };
		C7E7157A2CA870A8000A9C24 /* LocalStrings.swift */ = {isa = PBXFileReference; fileEncoding = 4; lastKnownFileType = sourcecode.swift; path = LocalStrings.swift; sourceTree = "<group>"; };
		C7E7157B2CA870A8000A9C24 /* UICollectionViewCell.swift */ = {isa = PBXFileReference; fileEncoding = 4; lastKnownFileType = sourcecode.swift; path = UICollectionViewCell.swift; sourceTree = "<group>"; };
		C7E7157D2CA870A8000A9C24 /* Model.swift */ = {isa = PBXFileReference; fileEncoding = 4; lastKnownFileType = sourcecode.swift; path = Model.swift; sourceTree = "<group>"; };
		C7E7157F2CA870A8000A9C24 /* HttpsUtility.swift */ = {isa = PBXFileReference; fileEncoding = 4; lastKnownFileType = sourcecode.swift; path = HttpsUtility.swift; sourceTree = "<group>"; };
		C7E7158B2CA87147000A9C24 /* LazyImageView.swift */ = {isa = PBXFileReference; fileEncoding = 4; lastKnownFileType = sourcecode.swift; path = LazyImageView.swift; sourceTree = "<group>"; };
		C7E7158D2CA87147000A9C24 /* DetailsViewModel.swift */ = {isa = PBXFileReference; fileEncoding = 4; lastKnownFileType = sourcecode.swift; path = DetailsViewModel.swift; sourceTree = "<group>"; };
		C7E7158E2CA87147000A9C24 /* DetailsViewController.swift */ = {isa = PBXFileReference; fileEncoding = 4; lastKnownFileType = sourcecode.swift; path = DetailsViewController.swift; sourceTree = "<group>"; };
		C7E715902CA87147000A9C24 /* DetailExtension.swift */ = {isa = PBXFileReference; fileEncoding = 4; lastKnownFileType = sourcecode.swift; path = DetailExtension.swift; sourceTree = "<group>"; };
		C7E715912CA87147000A9C24 /* CollectionViewExtension.swift */ = {isa = PBXFileReference; fileEncoding = 4; lastKnownFileType = sourcecode.swift; path = CollectionViewExtension.swift; sourceTree = "<group>"; };
		C7E715932CA87148000A9C24 /* ImageCVCell.swift */ = {isa = PBXFileReference; fileEncoding = 4; lastKnownFileType = sourcecode.swift; path = ImageCVCell.swift; sourceTree = "<group>"; };
		C7E715942CA87148000A9C24 /* ImageCVCell.xib */ = {isa = PBXFileReference; fileEncoding = 4; lastKnownFileType = file.xib; path = ImageCVCell.xib; sourceTree = "<group>"; };
/* End PBXFileReference section */

/* Begin PBXFrameworksBuildPhase section */
		C7E715302CA86995000A9C24 /* Frameworks */ = {
			isa = PBXFrameworksBuildPhase;
			buildActionMask = 2147483647;
			files = (
			);
			runOnlyForDeploymentPostprocessing = 0;
		};
/* End PBXFrameworksBuildPhase section */

/* Begin PBXGroup section */
		C7E7152A2CA86995000A9C24 = {
			isa = PBXGroup;
			children = (
				C7E715352CA86995000A9C24 /* BattlebucksAssignment */,
				C7E715342CA86995000A9C24 /* Products */,
			);
			sourceTree = "<group>";
		};
		C7E715342CA86995000A9C24 /* Products */ = {
			isa = PBXGroup;
			children = (
				C7E715332CA86995000A9C24 /* BattlebucksAssignment.app */,
			);
			name = Products;
			sourceTree = "<group>";
		};
		C7E715352CA86995000A9C24 /* BattlebucksAssignment */ = {
			isa = PBXGroup;
			children = (
				C7E715752CA870A8000A9C24 /* Utilities */,
				C7E7157E2CA870A8000A9C24 /* Services */,
				C7E7157C2CA870A8000A9C24 /* Model */,
				C7E715892CA8711C000A9C24 /* View */,
				C7E715732CA870A8000A9C24 /* ViewModel */,
				C7E715362CA86995000A9C24 /* AppDelegate.swift */,
				C7E715382CA86995000A9C24 /* SceneDelegate.swift */,
				C7E7153C2CA86995000A9C24 /* Main.storyboard */,
				C7E7153F2CA86996000A9C24 /* Assets.xcassets */,
				C7E715412CA86996000A9C24 /* LaunchScreen.storyboard */,
				C7E715442CA86996000A9C24 /* Info.plist */,
			);
			path = BattlebucksAssignment;
			sourceTree = "<group>";
		};
		C7E715732CA870A8000A9C24 /* ViewModel */ = {
			isa = PBXGroup;
			children = (
				C7E715742CA870A8000A9C24 /* ViewModel.swift */,
			);
			path = ViewModel;
			sourceTree = "<group>";
		};
		C7E715752CA870A8000A9C24 /* Utilities */ = {
			isa = PBXGroup;
			children = (
				C7E715762CA870A8000A9C24 /* BaseViewController.swift */,
				C7E715772CA870A8000A9C24 /* AppHelper.swift */,
				C7E715782CA870A8000A9C24 /* Common.swift */,
				C7E715792CA870A8000A9C24 /* Resource.swift */,
				C7E7157A2CA870A8000A9C24 /* LocalStrings.swift */,
				C7E7157B2CA870A8000A9C24 /* UICollectionViewCell.swift */,
			);
			path = Utilities;
			sourceTree = "<group>";
		};
		C7E7157C2CA870A8000A9C24 /* Model */ = {
			isa = PBXGroup;
			children = (
				C7E7157D2CA870A8000A9C24 /* Model.swift */,
			);
			path = Model;
			sourceTree = "<group>";
		};
		C7E7157E2CA870A8000A9C24 /* Services */ = {
			isa = PBXGroup;
			children = (
				C7E7157F2CA870A8000A9C24 /* HttpsUtility.swift */,
			);
			path = Services;
			sourceTree = "<group>";
		};
		C7E715892CA8711C000A9C24 /* View */ = {
			isa = PBXGroup;
			children = (
				C7E7153A2CA86995000A9C24 /* ViewController.swift */,
				C7E715922CA87148000A9C24 /* Cells */,
				C7E7158C2CA87147000A9C24 /* DetailsView */,
				C7E7158F2CA87147000A9C24 /* Extension */,
				C7E7158A2CA87147000A9C24 /* LazyImageView */,
			);
			path = View;
			sourceTree = "<group>";
		};
		C7E7158A2CA87147000A9C24 /* LazyImageView */ = {
			isa = PBXGroup;
			children = (
				C7E7158B2CA87147000A9C24 /* LazyImageView.swift */,
			);
			path = LazyImageView;
			sourceTree = "<group>";
		};
		C7E7158C2CA87147000A9C24 /* DetailsView */ = {
			isa = PBXGroup;
			children = (
				C7E7158D2CA87147000A9C24 /* DetailsViewModel.swift */,
				C7E7158E2CA87147000A9C24 /* DetailsViewController.swift */,
			);
			path = DetailsView;
			sourceTree = "<group>";
		};
		C7E7158F2CA87147000A9C24 /* Extension */ = {
			isa = PBXGroup;
			children = (
				C7E715902CA87147000A9C24 /* DetailExtension.swift */,
				C7E715912CA87147000A9C24 /* CollectionViewExtension.swift */,
			);
			path = Extension;
			sourceTree = "<group>";
		};
		C7E715922CA87148000A9C24 /* Cells */ = {
			isa = PBXGroup;
			children = (
				C7E715932CA87148000A9C24 /* ImageCVCell.swift */,
				C7E715942CA87148000A9C24 /* ImageCVCell.xib */,
			);
			path = Cells;
			sourceTree = "<group>";
		};
/* End PBXGroup section */

/* Begin PBXNativeTarget section */
		C7E715322CA86995000A9C24 /* BattlebucksAssignment */ = {
			isa = PBXNativeTarget;
			buildConfigurationList = C7E715472CA86996000A9C24 /* Build configuration list for PBXNativeTarget "BattlebucksAssignment" */;
			buildPhases = (
				C7E7152F2CA86995000A9C24 /* Sources */,
				C7E715302CA86995000A9C24 /* Frameworks */,
				C7E715312CA86995000A9C24 /* Resources */,
			);
			buildRules = (
			);
			dependencies = (
			);
			name = BattlebucksAssignment;
			productName = BattlebucksAssignment;
			productReference = C7E715332CA86995000A9C24 /* BattlebucksAssignment.app */;
			productType = "com.apple.product-type.application";
		};
/* End PBXNativeTarget section */

/* Begin PBXProject section */
		C7E7152B2CA86995000A9C24 /* Project object */ = {
			isa = PBXProject;
			attributes = {
				BuildIndependentTargetsInParallel = 1;
				LastSwiftUpdateCheck = 1520;
				LastUpgradeCheck = 1520;
				TargetAttributes = {
					C7E715322CA86995000A9C24 = {
						CreatedOnToolsVersion = 15.2;
					};
				};
			};
			buildConfigurationList = C7E7152E2CA86995000A9C24 /* Build configuration list for PBXProject "BattlebucksAssignment" */;
			compatibilityVersion = "Xcode 14.0";
			developmentRegion = en;
			hasScannedForEncodings = 0;
			knownRegions = (
				en,
				Base,
			);
			mainGroup = C7E7152A2CA86995000A9C24;
			productRefGroup = C7E715342CA86995000A9C24 /* Products */;
			projectDirPath = "";
			projectRoot = "";
			targets = (
				C7E715322CA86995000A9C24 /* BattlebucksAssignment */,
			);
		};
/* End PBXProject section */

/* Begin PBXResourcesBuildPhase section */
		C7E715312CA86995000A9C24 /* Resources */ = {
			isa = PBXResourcesBuildPhase;
			buildActionMask = 2147483647;
			files = (
				C7E7159B2CA87148000A9C24 /* ImageCVCell.xib in Resources */,
				C7E715432CA86996000A9C24 /* LaunchScreen.storyboard in Resources */,
				C7E715402CA86996000A9C24 /* Assets.xcassets in Resources */,
				C7E7153E2CA86995000A9C24 /* Main.storyboard in Resources */,
			);
			runOnlyForDeploymentPostprocessing = 0;
		};
/* End PBXResourcesBuildPhase section */

/* Begin PBXSourcesBuildPhase section */
		C7E7152F2CA86995000A9C24 /* Sources */ = {
			isa = PBXSourcesBuildPhase;
			buildActionMask = 2147483647;
			files = (
				C7E7159A2CA87148000A9C24 /* ImageCVCell.swift in Sources */,
				C7E715982CA87148000A9C24 /* DetailExtension.swift in Sources */,
				C7E715812CA870A8000A9C24 /* BaseViewController.swift in Sources */,
				C7E715852CA870A8000A9C24 /* LocalStrings.swift in Sources */,
				C7E715862CA870A8000A9C24 /* UICollectionViewCell.swift in Sources */,
				C7E715842CA870A8000A9C24 /* Resource.swift in Sources */,
				C7E715882CA870A8000A9C24 /* HttpsUtility.swift in Sources */,
				C7E715952CA87148000A9C24 /* LazyImageView.swift in Sources */,
				C7E715822CA870A8000A9C24 /* AppHelper.swift in Sources */,
				C7E7153B2CA86995000A9C24 /* ViewController.swift in Sources */,
				C7E715372CA86995000A9C24 /* AppDelegate.swift in Sources */,
				C7E715802CA870A8000A9C24 /* ViewModel.swift in Sources */,
				C7E715872CA870A8000A9C24 /* Model.swift in Sources */,
				C7E715962CA87148000A9C24 /* DetailsViewModel.swift in Sources */,
				C7E715392CA86995000A9C24 /* SceneDelegate.swift in Sources */,
				C7E715832CA870A8000A9C24 /* Common.swift in Sources */,
				C7E715992CA87148000A9C24 /* CollectionViewExtension.swift in Sources */,
				C7E715972CA87148000A9C24 /* DetailsViewController.swift in Sources */,
			);
			runOnlyForDeploymentPostprocessing = 0;
		};
/* End PBXSourcesBuildPhase section */

/* Begin PBXVariantGroup section */
		C7E7153C2CA86995000A9C24 /* Main.storyboard */ = {
			isa = PBXVariantGroup;
			children = (
				C7E7153D2CA86995000A9C24 /* Base */,
			);
			name = Main.storyboard;
			sourceTree = "<group>";
		};
		C7E715412CA86996000A9C24 /* LaunchScreen.storyboard */ = {
			isa = PBXVariantGroup;
			children = (
				C7E715422CA86996000A9C24 /* Base */,
			);
			name = LaunchScreen.storyboard;
			sourceTree = "<group>";
		};
/* End PBXVariantGroup section */

/* Begin XCBuildConfiguration section */
		C7E715452CA86996000A9C24 /* Debug */ = {
			isa = XCBuildConfiguration;
			buildSettings = {
				ALWAYS_SEARCH_USER_PATHS = NO;
				ASSETCATALOG_COMPILER_GENERATE_SWIFT_ASSET_SYMBOL_EXTENSIONS = YES;
				CLANG_ANALYZER_NONNULL = YES;
				CLANG_ANALYZER_NUMBER_OBJECT_CONVERSION = YES_AGGRESSIVE;
				CLANG_CXX_LANGUAGE_STANDARD = "gnu++20";
				CLANG_ENABLE_MODULES = YES;
				CLANG_ENABLE_OBJC_ARC = YES;
				CLANG_ENABLE_OBJC_WEAK = YES;
				CLANG_WARN_BLOCK_CAPTURE_AUTORELEASING = YES;
				CLANG_WARN_BOOL_CONVERSION = YES;
				CLANG_WARN_COMMA = YES;
				CLANG_WARN_CONSTANT_CONVERSION = YES;
				CLANG_WARN_DEPRECATED_OBJC_IMPLEMENTATIONS = YES;
				CLANG_WARN_DIRECT_OBJC_ISA_USAGE = YES_ERROR;
				CLANG_WARN_DOCUMENTATION_COMMENTS = YES;
				CLANG_WARN_EMPTY_BODY = YES;
				CLANG_WARN_ENUM_CONVERSION = YES;
				CLANG_WARN_INFINITE_RECURSION = YES;
				CLANG_WARN_INT_CONVERSION = YES;
				CLANG_WARN_NON_LITERAL_NULL_CONVERSION = YES;
				CLANG_WARN_OBJC_IMPLICIT_RETAIN_SELF = YES;
				CLANG_WARN_OBJC_LITERAL_CONVERSION = YES;
				CLANG_WARN_OBJC_ROOT_CLASS = YES_ERROR;
				CLANG_WARN_QUOTED_INCLUDE_IN_FRAMEWORK_HEADER = YES;
				CLANG_WARN_RANGE_LOOP_ANALYSIS = YES;
				CLANG_WARN_STRICT_PROTOTYPES = YES;
				CLANG_WARN_SUSPICIOUS_MOVE = YES;
				CLANG_WARN_UNGUARDED_AVAILABILITY = YES_AGGRESSIVE;
				CLANG_WARN_UNREACHABLE_CODE = YES;
				CLANG_WARN__DUPLICATE_METHOD_MATCH = YES;
				COPY_PHASE_STRIP = NO;
				DEBUG_INFORMATION_FORMAT = dwarf;
				ENABLE_STRICT_OBJC_MSGSEND = YES;
				ENABLE_TESTABILITY = YES;
				ENABLE_USER_SCRIPT_SANDBOXING = YES;
				GCC_C_LANGUAGE_STANDARD = gnu17;
				GCC_DYNAMIC_NO_PIC = NO;
				GCC_NO_COMMON_BLOCKS = YES;
				GCC_OPTIMIZATION_LEVEL = 0;
				GCC_PREPROCESSOR_DEFINITIONS = (
					"DEBUG=1",
					"$(inherited)",
				);
				GCC_WARN_64_TO_32_BIT_CONVERSION = YES;
				GCC_WARN_ABOUT_RETURN_TYPE = YES_ERROR;
				GCC_WARN_UNDECLARED_SELECTOR = YES;
				GCC_WARN_UNINITIALIZED_AUTOS = YES_AGGRESSIVE;
				GCC_WARN_UNUSED_FUNCTION = YES;
				GCC_WARN_UNUSED_VARIABLE = YES;
				IPHONEOS_DEPLOYMENT_TARGET = 17.2;
				LOCALIZATION_PREFERS_STRING_CATALOGS = YES;
				MTL_ENABLE_DEBUG_INFO = INCLUDE_SOURCE;
				MTL_FAST_MATH = YES;
				ONLY_ACTIVE_ARCH = YES;
				SDKROOT = iphoneos;
				SWIFT_ACTIVE_COMPILATION_CONDITIONS = "DEBUG $(inherited)";
				SWIFT_OPTIMIZATION_LEVEL = "-Onone";
			};
			name = Debug;
		};
		C7E715462CA86996000A9C24 /* Release */ = {
			isa = XCBuildConfiguration;
			buildSettings = {
				ALWAYS_SEARCH_USER_PATHS = NO;
				ASSETCATALOG_COMPILER_GENERATE_SWIFT_ASSET_SYMBOL_EXTENSIONS = YES;
				CLANG_ANALYZER_NONNULL = YES;
				CLANG_ANALYZER_NUMBER_OBJECT_CONVERSION = YES_AGGRESSIVE;
				CLANG_CXX_LANGUAGE_STANDARD = "gnu++20";
				CLANG_ENABLE_MODULES = YES;
				CLANG_ENABLE_OBJC_ARC = YES;
				CLANG_ENABLE_OBJC_WEAK = YES;
				CLANG_WARN_BLOCK_CAPTURE_AUTORELEASING = YES;
				CLANG_WARN_BOOL_CONVERSION = YES;
				CLANG_WARN_COMMA = YES;
				CLANG_WARN_CONSTANT_CONVERSION = YES;
				CLANG_WARN_DEPRECATED_OBJC_IMPLEMENTATIONS = YES;
				CLANG_WARN_DIRECT_OBJC_ISA_USAGE = YES_ERROR;
				CLANG_WARN_DOCUMENTATION_COMMENTS = YES;
				CLANG_WARN_EMPTY_BODY = YES;
				CLANG_WARN_ENUM_CONVERSION = YES;
				CLANG_WARN_INFINITE_RECURSION = YES;
				CLANG_WARN_INT_CONVERSION = YES;
				CLANG_WARN_NON_LITERAL_NULL_CONVERSION = YES;
				CLANG_WARN_OBJC_IMPLICIT_RETAIN_SELF = YES;
				CLANG_WARN_OBJC_LITERAL_CONVERSION = YES;
				CLANG_WARN_OBJC_ROOT_CLASS = YES_ERROR;
				CLANG_WARN_QUOTED_INCLUDE_IN_FRAMEWORK_HEADER = YES;
				CLANG_WARN_RANGE_LOOP_ANALYSIS = YES;
				CLANG_WARN_STRICT_PROTOTYPES = YES;
				CLANG_WARN_SUSPICIOUS_MOVE = YES;
				CLANG_WARN_UNGUARDED_AVAILABILITY = YES_AGGRESSIVE;
				CLANG_WARN_UNREACHABLE_CODE = YES;
				CLANG_WARN__DUPLICATE_METHOD_MATCH = YES;
				COPY_PHASE_STRIP = NO;
				DEBUG_INFORMATION_FORMAT = "dwarf-with-dsym";
				ENABLE_NS_ASSERTIONS = NO;
				ENABLE_STRICT_OBJC_MSGSEND = YES;
				ENABLE_USER_SCRIPT_SANDBOXING = YES;
				GCC_C_LANGUAGE_STANDARD = gnu17;
				GCC_NO_COMMON_BLOCKS = YES;
				GCC_WARN_64_TO_32_BIT_CONVERSION = YES;
				GCC_WARN_ABOUT_RETURN_TYPE = YES_ERROR;
				GCC_WARN_UNDECLARED_SELECTOR = YES;
				GCC_WARN_UNINITIALIZED_AUTOS = YES_AGGRESSIVE;
				GCC_WARN_UNUSED_FUNCTION = YES;
				GCC_WARN_UNUSED_VARIABLE = YES;
				IPHONEOS_DEPLOYMENT_TARGET = 17.2;
				LOCALIZATION_PREFERS_STRING_CATALOGS = YES;
				MTL_ENABLE_DEBUG_INFO = NO;
				MTL_FAST_MATH = YES;
				SDKROOT = iphoneos;
				SWIFT_COMPILATION_MODE = wholemodule;
				VALIDATE_PRODUCT = YES;
			};
			name = Release;
		};
		C7E715482CA86996000A9C24 /* Debug */ = {
			isa = XCBuildConfiguration;
			buildSettings = {
				ASSETCATALOG_COMPILER_APPICON_NAME = AppIcon;
				ASSETCATALOG_COMPILER_GLOBAL_ACCENT_COLOR_NAME = AccentColor;
				CODE_SIGN_STYLE = Automatic;
				CURRENT_PROJECT_VERSION = 1;
				DEVELOPMENT_TEAM = XKU3TFWM83;
				GENERATE_INFOPLIST_FILE = YES;
				INFOPLIST_FILE = BattlebucksAssignment/Info.plist;
				INFOPLIST_KEY_UIApplicationSupportsIndirectInputEvents = YES;
				INFOPLIST_KEY_UILaunchStoryboardName = LaunchScreen;
				INFOPLIST_KEY_UIMainStoryboardFile = Main;
				INFOPLIST_KEY_UISupportedInterfaceOrientations_iPad = "UIInterfaceOrientationPortrait UIInterfaceOrientationPortraitUpsideDown UIInterfaceOrientationLandscapeLeft UIInterfaceOrientationLandscapeRight";
				INFOPLIST_KEY_UISupportedInterfaceOrientations_iPhone = "UIInterfaceOrientationPortrait UIInterfaceOrientationLandscapeLeft UIInterfaceOrientationLandscapeRight";
				LD_RUNPATH_SEARCH_PATHS = (
					"$(inherited)",
					"@executable_path/Frameworks",
				);
				MARKETING_VERSION = 1.0;
				PRODUCT_BUNDLE_IDENTIFIER = com.sunish.BattlebucksAssignment;
				PRODUCT_NAME = "$(TARGET_NAME)";
				SWIFT_EMIT_LOC_STRINGS = YES;
				SWIFT_VERSION = 5.0;
				TARGETED_DEVICE_FAMILY = "1,2";
			};
			name = Debug;
		};
		C7E715492CA86996000A9C24 /* Release */ = {
			isa = XCBuildConfiguration;
			buildSettings = {
				ASSETCATALOG_COMPILER_APPICON_NAME = AppIcon;
				ASSETCATALOG_COMPILER_GLOBAL_ACCENT_COLOR_NAME = AccentColor;
				CODE_SIGN_STYLE = Automatic;
				CURRENT_PROJECT_VERSION = 1;
				DEVELOPMENT_TEAM = XKU3TFWM83;
				GENERATE_INFOPLIST_FILE = YES;
				INFOPLIST_FILE = BattlebucksAssignment/Info.plist;
				INFOPLIST_KEY_UIApplicationSupportsIndirectInputEvents = YES;
				INFOPLIST_KEY_UILaunchStoryboardName = LaunchScreen;
				INFOPLIST_KEY_UIMainStoryboardFile = Main;
				INFOPLIST_KEY_UISupportedInterfaceOrientations_iPad = "UIInterfaceOrientationPortrait UIInterfaceOrientationPortraitUpsideDown UIInterfaceOrientationLandscapeLeft UIInterfaceOrientationLandscapeRight";
				INFOPLIST_KEY_UISupportedInterfaceOrientations_iPhone = "UIInterfaceOrientationPortrait UIInterfaceOrientationLandscapeLeft UIInterfaceOrientationLandscapeRight";
				LD_RUNPATH_SEARCH_PATHS = (
					"$(inherited)",
					"@executable_path/Frameworks",
				);
				MARKETING_VERSION = 1.0;
				PRODUCT_BUNDLE_IDENTIFIER = com.sunish.BattlebucksAssignment;
				PRODUCT_NAME = "$(TARGET_NAME)";
				SWIFT_EMIT_LOC_STRINGS = YES;
				SWIFT_VERSION = 5.0;
				TARGETED_DEVICE_FAMILY = "1,2";
			};
			name = Release;
		};
/* End XCBuildConfiguration section */

/* Begin XCConfigurationList section */
		C7E7152E2CA86995000A9C24 /* Build configuration list for PBXProject "BattlebucksAssignment" */ = {
			isa = XCConfigurationList;
			buildConfigurations = (
				C7E715452CA86996000A9C24 /* Debug */,
				C7E715462CA86996000A9C24 /* Release */,
			);
			defaultConfigurationIsVisible = 0;
			defaultConfigurationName = Release;
		};
		C7E715472CA86996000A9C24 /* Build configuration list for PBXNativeTarget "BattlebucksAssignment" */ = {
			isa = XCConfigurationList;
			buildConfigurations = (
				C7E715482CA86996000A9C24 /* Debug */,
				C7E715492CA86996000A9C24 /* Release */,
			);
			defaultConfigurationIsVisible = 0;
			defaultConfigurationName = Release;
		};
/* End XCConfigurationList section */
	};
	rootObject = C7E7152B2CA86995000A9C24 /* Project object */;
}
